
Microsoft Visual Studio Solution File, Format Version 12.00
# Visual Studio 2015
Project("{FAE04EC0-301F-11D3-BF4B-00C04F79EFBC}") = "Landscape-Generator.CSharp", "Landscape-Generator.CSharp.csproj", "{24CD77AB-6480-6EAA-DA7C-D72410D0F0FB}"
EndProject
Project("{FAE04EC0-301F-11D3-BF4B-00C04F79EFBC}") = "Landscape-Generator.CSharp.Editor", "Landscape-Generator.CSharp.Editor.csproj", "{4BC97F81-833C-1F9B-C86B-8855657CE3DB}"
EndProject
Global
	GlobalSection(SolutionConfigurationPlatforms) = preSolution
		Debug|Any CPU = Debug|Any CPU
		Release|Any CPU = Release|Any CPU
	EndGlobalSection
	GlobalSection(ProjectConfigurationPlatforms) = postSolution
		{24CD77AB-6480-6EAA-DA7C-D72410D0F0FB}.Debug|Any CPU.ActiveCfg = Debug|Any CPU
		{24CD77AB-6480-6EAA-DA7C-D72410D0F0FB}.Debug|Any CPU.Build.0 = Debug|Any CPU
		{24CD77AB-6480-6EAA-DA7C-D72410D0F0FB}.Release|Any CPU.ActiveCfg = Release|Any CPU
		{24CD77AB-6480-6EAA-DA7C-D72410D0F0FB}.Release|Any CPU.Build.0 = Release|Any CPU
		{4BC97F81-833C-1F9B-C86B-8855657CE3DB}.Debug|Any CPU.ActiveCfg = Debug|Any CPU
		{4BC97F81-833C-1F9B-C86B-8855657CE3DB}.Debug|Any CPU.Build.0 = Debug|Any CPU
		{4BC97F81-833C-1F9B-C86B-8855657CE3DB}.Release|Any CPU.ActiveCfg = Release|Any CPU
		{4BC97F81-833C-1F9B-C86B-8855657CE3DB}.Release|Any CPU.Build.0 = Release|Any CPU
	EndGlobalSection
	GlobalSection(SolutionProperties) = preSolution
		HideSolutionNode = FALSE
	EndGlobalSection
EndGlobal
